<Solution>
  <Project Path="./ImageEditMcp.Abstractions/ImageEditMcp.Abstractions.csproj" />
  <Project Path="./ImageEditMcp.TestingUtilities/ImageEditMcp.TestingUtilities.csproj" />
  <Project Path="./ImageEditMcp.Tests/ImageEditMcp.Tests.csproj" />
  <Project Path="./ImageEditMcp/ImageEditMcp.csproj" />
</Solution>
